
Microsoft Visual Studio Solution File, Format Version 12.00
# Visual Studio Version 17
VisualStudioVersion = 17.5.33424.131
MinimumVisualStudioVersion = 10.0.40219.1
Project("{9A19103F-16F7-4668-BE54-9A1E7A4F7556}") = "EventService", "EventService\EventService.csproj", "{029CBDED-851E-4E9B-9590-3FC8CAB1DC94}"
EndProject
Project("{9A19103F-16F7-4668-BE54-9A1E7A4F7556}") = "SC.Internship.Common", "SC.Internship.Common\SC.Internship.Common\SC.Internship.Common.csproj", "{717FACC5-1B63-494B-A8CC-F25CD5B5C01F}"
EndProject
Project("{9A19103F-16F7-4668-BE54-9A1E7A4F7556}") = "EventService.UnitTests", "EventService.UnitTests\EventService.UnitTests.csproj", "{D78219DD-EBD0-48EC-A28A-73D5DA101EC4}"
EndProject
Global
	GlobalSection(SolutionConfigurationPlatforms) = preSolution
		Debug|Any CPU = Debug|Any CPU
		Release|Any CPU = Release|Any CPU
	EndGlobalSection
	GlobalSection(ProjectConfigurationPlatforms) = postSolution
		{029CBDED-851E-4E9B-9590-3FC8CAB1DC94}.Debug|Any CPU.ActiveCfg = Debug|Any CPU
		{029CBDED-851E-4E9B-9590-3FC8CAB1DC94}.Debug|Any CPU.Build.0 = Debug|Any CPU
		{029CBDED-851E-4E9B-9590-3FC8CAB1DC94}.Release|Any CPU.ActiveCfg = Release|Any CPU
		{029CBDED-851E-4E9B-9590-3FC8CAB1DC94}.Release|Any CPU.Build.0 = Release|Any CPU
		{717FACC5-1B63-494B-A8CC-F25CD5B5C01F}.Debug|Any CPU.ActiveCfg = Debug|Any CPU
		{717FACC5-1B63-494B-A8CC-F25CD5B5C01F}.Debug|Any CPU.Build.0 = Debug|Any CPU
		{717FACC5-1B63-494B-A8CC-F25CD5B5C01F}.Release|Any CPU.ActiveCfg = Release|Any CPU
		{717FACC5-1B63-494B-A8CC-F25CD5B5C01F}.Release|Any CPU.Build.0 = Release|Any CPU
		{D78219DD-EBD0-48EC-A28A-73D5DA101EC4}.Debug|Any CPU.ActiveCfg = Debug|Any CPU
		{D78219DD-EBD0-48EC-A28A-73D5DA101EC4}.Debug|Any CPU.Build.0 = Debug|Any CPU
		{D78219DD-EBD0-48EC-A28A-73D5DA101EC4}.Release|Any CPU.ActiveCfg = Release|Any CPU
		{D78219DD-EBD0-48EC-A28A-73D5DA101EC4}.Release|Any CPU.Build.0 = Release|Any CPU
	EndGlobalSection
	GlobalSection(SolutionProperties) = preSolution
		HideSolutionNode = FALSE
	EndGlobalSection
	GlobalSection(ExtensibilityGlobals) = postSolution
		SolutionGuid = {8D0E3066-07C9-4353-9DF7-2BAF95AA8BF5}
	EndGlobalSection
EndGlobal
